
Microsoft Visual Studio Solution File, Format Version 12.00
# Visual Studio 15
VisualStudioVersion = 15.0.28010.2046
MinimumVisualStudioVersion = 10.0.40219.1
Project("{9A19103F-16F7-4668-BE54-9A1E7A4F7556}") = "MvcMovie", "MvcMovie\MvcMovie.csproj", "{A745F5F8-D6D2-4D71-8B19-3756E7E6D710}"
EndProject
Global
	GlobalSection(SolutionConfigurationPlatforms) = preSolution
		Debug|Any CPU = Debug|Any CPU
		Release|Any CPU = Release|Any CPU
	EndGlobalSection
	GlobalSection(ProjectConfigurationPlatforms) = postSolution
		{A745F5F8-D6D2-4D71-8B19-3756E7E6D710}.Debug|Any CPU.ActiveCfg = Debug|Any CPU
		{A745F5F8-D6D2-4D71-8B19-3756E7E6D710}.Debug|Any CPU.Build.0 = Debug|Any CPU
		{A745F5F8-D6D2-4D71-8B19-3756E7E6D710}.Release|Any CPU.ActiveCfg = Release|Any CPU
		{A745F5F8-D6D2-4D71-8B19-3756E7E6D710}.Release|Any CPU.Build.0 = Release|Any CPU
	EndGlobalSection
	GlobalSection(SolutionProperties) = preSolution
		HideSolutionNode = FALSE
	EndGlobalSection
	GlobalSection(ExtensibilityGlobals) = postSolution
		SolutionGuid = {B7474E14-DB20-41E3-A26E-838279553360}
	EndGlobalSection
EndGlobal
